// !$*UTF8*$!
{
	archiveVersion = 1;
	classes = {
	};
	objectVersion = 46;
	objects = {

/* Begin PBXBuildFile section */
		2A2ACE0AF31E8A3D48B9BC62 /* libPods-xLibrary.a in Frameworks */ = {isa = PBXBuildFile; fileRef = 3D59FFB247B0652E8883766A /* libPods-xLibrary.a */; };
		63396C7F1EF0F918001525E7 /* UIView+xBannerLoading.m in Sources */ = {isa = PBXBuildFile; fileRef = 63396C7E1EF0F918001525E7 /* UIView+xBannerLoading.m */; };
		63900A1E1F04CADC0080C48D /* NSObject+xRuntime.m in Sources */ = {isa = PBXBuildFile; fileRef = 63900A1D1F04CADC0080C48D /* NSObject+xRuntime.m */; };
		63900A7B1F066A5A0080C48D /* NSObject+xStatis.m in Sources */ = {isa = PBXBuildFile; fileRef = 63900A601F0649180080C48D /* NSObject+xStatis.m */; };
		63900A7C1F066A5A0080C48D /* UICollectionView+xStatis.m in Sources */ = {isa = PBXBuildFile; fileRef = 63900A621F0649180080C48D /* UICollectionView+xStatis.m */; };
		63900A7D1F066A5A0080C48D /* UIControl+xStatis.m in Sources */ = {isa = PBXBuildFile; fileRef = 63900A641F0649180080C48D /* UIControl+xStatis.m */; };
		63900A7E1F066A5A0080C48D /* UINavigationController+xStatis.m in Sources */ = {isa = PBXBuildFile; fileRef = 63900A661F0649180080C48D /* UINavigationController+xStatis.m */; };
		63900A7F1F066A5A0080C48D /* UITabBarController+xStatis.m in Sources */ = {isa = PBXBuildFile; fileRef = 63900A681F0649180080C48D /* UITabBarController+xStatis.m */; };
		63900A801F066A5A0080C48D /* UITableView+xStatis.m in Sources */ = {isa = PBXBuildFile; fileRef = 63900A6A1F0649180080C48D /* UITableView+xStatis.m */; };
		63900A811F066A5A0080C48D /* UIView+xStatis.m in Sources */ = {isa = PBXBuildFile; fileRef = 63900A6C1F0649180080C48D /* UIView+xStatis.m */; };
		63900A821F066A5A0080C48D /* UIViewController+xStatis.m in Sources */ = {isa = PBXBuildFile; fileRef = 63900A6E1F0649180080C48D /* UIViewController+xStatis.m */; };
		63900A831F066A5A0080C48D /* xStatisActionData.m in Sources */ = {isa = PBXBuildFile; fileRef = 63900A701F0649180080C48D /* xStatisActionData.m */; };
		63900A841F066A5A0080C48D /* xStatisManager.m in Sources */ = {isa = PBXBuildFile; fileRef = 63900A721F0649180080C48D /* xStatisManager.m */; };
		63900A851F066A5A0080C48D /* xStatisService.m in Sources */ = {isa = PBXBuildFile; fileRef = 63900A741F0649180080C48D /* xStatisService.m */; };
		63900A861F066A5A0080C48D /* xStatisStack.m in Sources */ = {isa = PBXBuildFile; fileRef = 63900A761F0649180080C48D /* xStatisStack.m */; };
		6391A8AC1FC1891700431D72 /* xFont.m in Sources */ = {isa = PBXBuildFile; fileRef = 6391A8AB1FC1891700431D72 /* xFont.m */; };
		6391A8AF1FC1892700431D72 /* xColor.m in Sources */ = {isa = PBXBuildFile; fileRef = 6391A8AE1FC1892700431D72 /* xColor.m */; };
		6391A8B21FC1893900431D72 /* xDevice.m in Sources */ = {isa = PBXBuildFile; fileRef = 6391A8B11FC1893900431D72 /* xDevice.m */; };
		6391A8B51FC1895100431D72 /* xViewFactory.m in Sources */ = {isa = PBXBuildFile; fileRef = 6391A8B41FC1895100431D72 /* xViewFactory.m */; };
		6391A8B91FC18A4600431D72 /* xGridView.m in Sources */ = {isa = PBXBuildFile; fileRef = 6391A8B81FC18A4600431D72 /* xGridView.m */; };
		6391A8CE1FC2880F00431D72 /* xExtensions.m in Sources */ = {isa = PBXBuildFile; fileRef = 6391A8CD1FC2880F00431D72 /* xExtensions.m */; };
		6391A9C41FC5AEAB00431D72 /* xTimer.m in Sources */ = {isa = PBXBuildFile; fileRef = 6391A9C11FC5AEAA00431D72 /* xTimer.m */; };
		6391A9C51FC5AEAB00431D72 /* xNotice.m in Sources */ = {isa = PBXBuildFile; fileRef = 6391A9C31FC5AEAA00431D72 /* xNotice.m */; };
		6391A9C81FC5AEEF00431D72 /* xTask.m in Sources */ = {isa = PBXBuildFile; fileRef = 6391A9C61FC5AEEF00431D72 /* xTask.m */; };
		63CB5B551F46926C00EC1082 /* xPhotoBannerData.m in Sources */ = {isa = PBXBuildFile; fileRef = 63CB5B521F46926C00EC1082 /* xPhotoBannerData.m */; };
		63CB5B561F46926C00EC1082 /* xPhotoBanner.m in Sources */ = {isa = PBXBuildFile; fileRef = 63CB5B541F46926C00EC1082 /* xPhotoBanner.m */; };
		63CB5B7D1F4703A300EC1082 /* TAAbstractDotView.m in Sources */ = {isa = PBXBuildFile; fileRef = 63CB5B781F4703A300EC1082 /* TAAbstractDotView.m */; };
		63CB5B7E1F4703A300EC1082 /* TADotView.m in Sources */ = {isa = PBXBuildFile; fileRef = 63CB5B7A1F4703A300EC1082 /* TADotView.m */; };
		63CB5B7F1F4703A300EC1082 /* TAPageControl.m in Sources */ = {isa = PBXBuildFile; fileRef = 63CB5B7C1F4703A300EC1082 /* TAPageControl.m */; };
		63D94A551F33233F00170AA7 /* xAlert.m in Sources */ = {isa = PBXBuildFile; fileRef = 63D94A541F33233F00170AA7 /* xAlert.m */; };
		63EBC8001EE251DF001029B3 /* xPagedView.m in Sources */ = {isa = PBXBuildFile; fileRef = 63EBC7FF1EE2511E001029B3 /* xPagedView.m */; };
		63F758F51E76ABC800756FE7 /* CoreDataManager.m in Sources */ = {isa = PBXBuildFile; fileRef = 63F758F41E76ABC800756FE7 /* CoreDataManager.m */; };
		63FFE76D1FF6B87B00C96F70 /* xBlurView.m in Sources */ = {isa = PBXBuildFile; fileRef = 63FFE76C1FF6B86D00C96F70 /* xBlurView.m */; };
		B1EFAD111E72701200128906 /* LogEnvironment.m in Sources */ = {isa = PBXBuildFile; fileRef = B1EFAD0C1E72701200128906 /* LogEnvironment.m */; };
		B1EFAD121E72701200128906 /* NSArray+Log.m in Sources */ = {isa = PBXBuildFile; fileRef = B1EFAD0E1E72701200128906 /* NSArray+Log.m */; };
		B1EFAD131E72701200128906 /* NSDictionary+Log.m in Sources */ = {isa = PBXBuildFile; fileRef = B1EFAD101E72701200128906 /* NSDictionary+Log.m */; };
		B1EFAD641E7281F700128906 /* xPhoto.m in Sources */ = {isa = PBXBuildFile; fileRef = B1EFAD5D1E7281F700128906 /* xPhoto.m */; };
		B1EFAD651E7281F700128906 /* xPhotoBrowser.m in Sources */ = {isa = PBXBuildFile; fileRef = B1EFAD5F1E7281F700128906 /* xPhotoBrowser.m */; };
		B1EFAD661E7281F700128906 /* xPhotoToolbar.m in Sources */ = {isa = PBXBuildFile; fileRef = B1EFAD611E7281F700128906 /* xPhotoToolbar.m */; };
		B1EFAD671E7281F700128906 /* xPhotoView.m in Sources */ = {isa = PBXBuildFile; fileRef = B1EFAD631E7281F700128906 /* xPhotoView.m */; };
		B1EFAD6A1E72820A00128906 /* UIKit.framework in Frameworks */ = {isa = PBXBuildFile; fileRef = B1EFAD691E72820A00128906 /* UIKit.framework */; };
/* End PBXBuildFile section */

/* Begin PBXCopyFilesBuildPhase section */
		B17490571DDF206E0034C852 /* CopyFiles */ = {
			isa = PBXCopyFilesBuildPhase;
			buildActionMask = 2147483647;
			dstPath = "include/$(PRODUCT_NAME)";
			dstSubfolderSpec = 16;
			files = (
			);
			runOnlyForDeploymentPostprocessing = 0;
		};
/* End PBXCopyFilesBuildPhase section */

/* Begin PBXFileReference section */
		3D59FFB247B0652E8883766A /* libPods-xLibrary.a */ = {isa = PBXFileReference; explicitFileType = archive.ar; includeInIndex = 0; path = "libPods-xLibrary.a"; sourceTree = BUILT_PRODUCTS_DIR; };
		633538991FE7655500EC99C5 /* xHeaders.h */ = {isa = PBXFileReference; fileEncoding = 4; lastKnownFileType = sourcecode.c.h; path = xHeaders.h; sourceTree = "<group>"; };
		63396C7D1EF0F918001525E7 /* UIView+xBannerLoading.h */ = {isa = PBXFileReference; fileEncoding = 4; lastKnownFileType = sourcecode.c.h; path = "UIView+xBannerLoading.h"; sourceTree = "<group>"; };
		63396C7E1EF0F918001525E7 /* UIView+xBannerLoading.m */ = {isa = PBXFileReference; fileEncoding = 4; lastKnownFileType = sourcecode.c.objc; path = "UIView+xBannerLoading.m"; sourceTree = "<group>"; };
		63900A1C1F04CADC0080C48D /* NSObject+xRuntime.h */ = {isa = PBXFileReference; fileEncoding = 4; lastKnownFileType = sourcecode.c.h; path = "NSObject+xRuntime.h"; sourceTree = "<group>"; };
		63900A1D1F04CADC0080C48D /* NSObject+xRuntime.m */ = {isa = PBXFileReference; fileEncoding = 4; lastKnownFileType = sourcecode.c.objc; path = "NSObject+xRuntime.m"; sourceTree = "<group>"; };
		63900A5F1F0649180080C48D /* NSObject+xStatis.h */ = {isa = PBXFileReference; lastKnownFileType = sourcecode.c.h; path = "NSObject+xStatis.h"; sourceTree = "<group>"; };
		63900A601F0649180080C48D /* NSObject+xStatis.m */ = {isa = PBXFileReference; lastKnownFileType = sourcecode.c.objc; path = "NSObject+xStatis.m"; sourceTree = "<group>"; };
		63900A611F0649180080C48D /* UICollectionView+xStatis.h */ = {isa = PBXFileReference; lastKnownFileType = sourcecode.c.h; path = "UICollectionView+xStatis.h"; sourceTree = "<group>"; };
		63900A621F0649180080C48D /* UICollectionView+xStatis.m */ = {isa = PBXFileReference; lastKnownFileType = sourcecode.c.objc; path = "UICollectionView+xStatis.m"; sourceTree = "<group>"; };
		63900A631F0649180080C48D /* UIControl+xStatis.h */ = {isa = PBXFileReference; lastKnownFileType = sourcecode.c.h; path = "UIControl+xStatis.h"; sourceTree = "<group>"; };
		63900A641F0649180080C48D /* UIControl+xStatis.m */ = {isa = PBXFileReference; lastKnownFileType = sourcecode.c.objc; path = "UIControl+xStatis.m"; sourceTree = "<group>"; };
		63900A651F0649180080C48D /* UINavigationController+xStatis.h */ = {isa = PBXFileReference; lastKnownFileType = sourcecode.c.h; path = "UINavigationController+xStatis.h"; sourceTree = "<group>"; };
		63900A661F0649180080C48D /* UINavigationController+xStatis.m */ = {isa = PBXFileReference; lastKnownFileType = sourcecode.c.objc; path = "UINavigationController+xStatis.m"; sourceTree = "<group>"; };
		63900A671F0649180080C48D /* UITabBarController+xStatis.h */ = {isa = PBXFileReference; lastKnownFileType = sourcecode.c.h; path = "UITabBarController+xStatis.h"; sourceTree = "<group>"; };
		63900A681F0649180080C48D /* UITabBarController+xStatis.m */ = {isa = PBXFileReference; lastKnownFileType = sourcecode.c.objc; path = "UITabBarController+xStatis.m"; sourceTree = "<group>"; };
		63900A691F0649180080C48D /* UITableView+xStatis.h */ = {isa = PBXFileReference; lastKnownFileType = sourcecode.c.h; path = "UITableView+xStatis.h"; sourceTree = "<group>"; };
		63900A6A1F0649180080C48D /* UITableView+xStatis.m */ = {isa = PBXFileReference; lastKnownFileType = sourcecode.c.objc; path = "UITableView+xStatis.m"; sourceTree = "<group>"; };
		63900A6B1F0649180080C48D /* UIView+xStatis.h */ = {isa = PBXFileReference; lastKnownFileType = sourcecode.c.h; path = "UIView+xStatis.h"; sourceTree = "<group>"; };
		63900A6C1F0649180080C48D /* UIView+xStatis.m */ = {isa = PBXFileReference; lastKnownFileType = sourcecode.c.objc; path = "UIView+xStatis.m"; sourceTree = "<group>"; };
		63900A6D1F0649180080C48D /* UIViewController+xStatis.h */ = {isa = PBXFileReference; lastKnownFileType = sourcecode.c.h; path = "UIViewController+xStatis.h"; sourceTree = "<group>"; };
		63900A6E1F0649180080C48D /* UIViewController+xStatis.m */ = {isa = PBXFileReference; lastKnownFileType = sourcecode.c.objc; path = "UIViewController+xStatis.m"; sourceTree = "<group>"; };
		63900A6F1F0649180080C48D /* xStatisActionData.h */ = {isa = PBXFileReference; lastKnownFileType = sourcecode.c.h; path = xStatisActionData.h; sourceTree = "<group>"; };
		63900A701F0649180080C48D /* xStatisActionData.m */ = {isa = PBXFileReference; lastKnownFileType = sourcecode.c.objc; path = xStatisActionData.m; sourceTree = "<group>"; };
		63900A711F0649180080C48D /* xStatisManager.h */ = {isa = PBXFileReference; lastKnownFileType = sourcecode.c.h; path = xStatisManager.h; sourceTree = "<group>"; };
		63900A721F0649180080C48D /* xStatisManager.m */ = {isa = PBXFileReference; lastKnownFileType = sourcecode.c.objc; path = xStatisManager.m; sourceTree = "<group>"; };
		63900A731F0649180080C48D /* xStatisService.h */ = {isa = PBXFileReference; lastKnownFileType = sourcecode.c.h; path = xStatisService.h; sourceTree = "<group>"; };
		63900A741F0649180080C48D /* xStatisService.m */ = {isa = PBXFileReference; lastKnownFileType = sourcecode.c.objc; path = xStatisService.m; sourceTree = "<group>"; };
		63900A751F0649180080C48D /* xStatisStack.h */ = {isa = PBXFileReference; lastKnownFileType = sourcecode.c.h; path = xStatisStack.h; sourceTree = "<group>"; };
		63900A761F0649180080C48D /* xStatisStack.m */ = {isa = PBXFileReference; lastKnownFileType = sourcecode.c.objc; path = xStatisStack.m; sourceTree = "<group>"; };
		6391A8AA1FC1891700431D72 /* xFont.h */ = {isa = PBXFileReference; lastKnownFileType = sourcecode.c.h; path = xFont.h; sourceTree = "<group>"; };
		6391A8AB1FC1891700431D72 /* xFont.m */ = {isa = PBXFileReference; lastKnownFileType = sourcecode.c.objc; path = xFont.m; sourceTree = "<group>"; };
		6391A8AD1FC1892700431D72 /* xColor.h */ = {isa = PBXFileReference; lastKnownFileType = sourcecode.c.h; path = xColor.h; sourceTree = "<group>"; };
		6391A8AE1FC1892700431D72 /* xColor.m */ = {isa = PBXFileReference; lastKnownFileType = sourcecode.c.objc; path = xColor.m; sourceTree = "<group>"; };
		6391A8B01FC1893900431D72 /* xDevice.h */ = {isa = PBXFileReference; lastKnownFileType = sourcecode.c.h; path = xDevice.h; sourceTree = "<group>"; };
		6391A8B11FC1893900431D72 /* xDevice.m */ = {isa = PBXFileReference; lastKnownFileType = sourcecode.c.objc; path = xDevice.m; sourceTree = "<group>"; };
		6391A8B31FC1895100431D72 /* xViewFactory.h */ = {isa = PBXFileReference; lastKnownFileType = sourcecode.c.h; path = xViewFactory.h; sourceTree = "<group>"; };
		6391A8B41FC1895100431D72 /* xViewFactory.m */ = {isa = PBXFileReference; lastKnownFileType = sourcecode.c.objc; path = xViewFactory.m; sourceTree = "<group>"; };
		6391A8B71FC18A4600431D72 /* xGridView.h */ = {isa = PBXFileReference; lastKnownFileType = sourcecode.c.h; path = xGridView.h; sourceTree = "<group>"; };
		6391A8B81FC18A4600431D72 /* xGridView.m */ = {isa = PBXFileReference; lastKnownFileType = sourcecode.c.objc; path = xGridView.m; sourceTree = "<group>"; };
		6391A8BD1FC1B3EF00431D72 /* xDefines.h */ = {isa = PBXFileReference; lastKnownFileType = sourcecode.c.h; path = xDefines.h; sourceTree = "<group>"; };
		6391A8CC1FC2880F00431D72 /* xExtensions.h */ = {isa = PBXFileReference; lastKnownFileType = sourcecode.c.h; path = xExtensions.h; sourceTree = "<group>"; };
		6391A8CD1FC2880F00431D72 /* xExtensions.m */ = {isa = PBXFileReference; lastKnownFileType = sourcecode.c.objc; path = xExtensions.m; sourceTree = "<group>"; };
		6391A9C01FC5AEAA00431D72 /* xTimer.h */ = {isa = PBXFileReference; fileEncoding = 4; lastKnownFileType = sourcecode.c.h; path = xTimer.h; sourceTree = "<group>"; };
		6391A9C11FC5AEAA00431D72 /* xTimer.m */ = {isa = PBXFileReference; fileEncoding = 4; lastKnownFileType = sourcecode.c.objc; path = xTimer.m; sourceTree = "<group>"; };
		6391A9C21FC5AEAA00431D72 /* xNotice.h */ = {isa = PBXFileReference; fileEncoding = 4; lastKnownFileType = sourcecode.c.h; path = xNotice.h; sourceTree = "<group>"; };
		6391A9C31FC5AEAA00431D72 /* xNotice.m */ = {isa = PBXFileReference; fileEncoding = 4; lastKnownFileType = sourcecode.c.objc; path = xNotice.m; sourceTree = "<group>"; };
		6391A9C61FC5AEEF00431D72 /* xTask.m */ = {isa = PBXFileReference; fileEncoding = 4; lastKnownFileType = sourcecode.c.objc; path = xTask.m; sourceTree = "<group>"; };
		6391A9C71FC5AEEF00431D72 /* xTask.h */ = {isa = PBXFileReference; fileEncoding = 4; lastKnownFileType = sourcecode.c.h; path = xTask.h; sourceTree = "<group>"; };
		63CB5B511F46926C00EC1082 /* xPhotoBannerData.h */ = {isa = PBXFileReference; fileEncoding = 4; lastKnownFileType = sourcecode.c.h; path = xPhotoBannerData.h; sourceTree = "<group>"; };
		63CB5B521F46926C00EC1082 /* xPhotoBannerData.m */ = {isa = PBXFileReference; fileEncoding = 4; lastKnownFileType = sourcecode.c.objc; path = xPhotoBannerData.m; sourceTree = "<group>"; };
		63CB5B531F46926C00EC1082 /* xPhotoBanner.h */ = {isa = PBXFileReference; fileEncoding = 4; lastKnownFileType = sourcecode.c.h; path = xPhotoBanner.h; sourceTree = "<group>"; };
		63CB5B541F46926C00EC1082 /* xPhotoBanner.m */ = {isa = PBXFileReference; fileEncoding = 4; lastKnownFileType = sourcecode.c.objc; path = xPhotoBanner.m; sourceTree = "<group>"; };
		63CB5B771F4703A300EC1082 /* TAAbstractDotView.h */ = {isa = PBXFileReference; fileEncoding = 4; lastKnownFileType = sourcecode.c.h; path = TAAbstractDotView.h; sourceTree = "<group>"; };
		63CB5B781F4703A300EC1082 /* TAAbstractDotView.m */ = {isa = PBXFileReference; fileEncoding = 4; lastKnownFileType = sourcecode.c.objc; path = TAAbstractDotView.m; sourceTree = "<group>"; };
		63CB5B791F4703A300EC1082 /* TADotView.h */ = {isa = PBXFileReference; fileEncoding = 4; lastKnownFileType = sourcecode.c.h; path = TADotView.h; sourceTree = "<group>"; };
		63CB5B7A1F4703A300EC1082 /* TADotView.m */ = {isa = PBXFileReference; fileEncoding = 4; lastKnownFileType = sourcecode.c.objc; path = TADotView.m; sourceTree = "<group>"; };
		63CB5B7B1F4703A300EC1082 /* TAPageControl.h */ = {isa = PBXFileReference; fileEncoding = 4; lastKnownFileType = sourcecode.c.h; path = TAPageControl.h; sourceTree = "<group>"; };
		63CB5B7C1F4703A300EC1082 /* TAPageControl.m */ = {isa = PBXFileReference; fileEncoding = 4; lastKnownFileType = sourcecode.c.objc; path = TAPageControl.m; sourceTree = "<group>"; };
		63D94A531F33233F00170AA7 /* xAlert.h */ = {isa = PBXFileReference; fileEncoding = 4; lastKnownFileType = sourcecode.c.h; path = xAlert.h; sourceTree = "<group>"; };
		63D94A541F33233F00170AA7 /* xAlert.m */ = {isa = PBXFileReference; fileEncoding = 4; lastKnownFileType = sourcecode.c.objc; path = xAlert.m; sourceTree = "<group>"; };
		63EBC7FE1EE2511E001029B3 /* xPagedView.h */ = {isa = PBXFileReference; lastKnownFileType = sourcecode.c.h; path = xPagedView.h; sourceTree = "<group>"; };
		63EBC7FF1EE2511E001029B3 /* xPagedView.m */ = {isa = PBXFileReference; lastKnownFileType = sourcecode.c.objc; path = xPagedView.m; sourceTree = "<group>"; };
		63F758F31E76ABC800756FE7 /* CoreDataManager.h */ = {isa = PBXFileReference; fileEncoding = 4; lastKnownFileType = sourcecode.c.h; path = CoreDataManager.h; sourceTree = "<group>"; };
		63F758F41E76ABC800756FE7 /* CoreDataManager.m */ = {isa = PBXFileReference; fileEncoding = 4; lastKnownFileType = sourcecode.c.objc; path = CoreDataManager.m; sourceTree = "<group>"; };
		63FFE76B1FF6B86D00C96F70 /* xBlurView.h */ = {isa = PBXFileReference; lastKnownFileType = sourcecode.c.h; path = xBlurView.h; sourceTree = "<group>"; };
		63FFE76C1FF6B86D00C96F70 /* xBlurView.m */ = {isa = PBXFileReference; lastKnownFileType = sourcecode.c.objc; path = xBlurView.m; sourceTree = "<group>"; };
		B17490591DDF206E0034C852 /* libxLibrary.a */ = {isa = PBXFileReference; explicitFileType = archive.ar; includeInIndex = 0; path = libxLibrary.a; sourceTree = BUILT_PRODUCTS_DIR; };
		B1EFAD0B1E72701200128906 /* LogEnvironment.h */ = {isa = PBXFileReference; fileEncoding = 4; lastKnownFileType = sourcecode.c.h; path = LogEnvironment.h; sourceTree = "<group>"; };
		B1EFAD0C1E72701200128906 /* LogEnvironment.m */ = {isa = PBXFileReference; fileEncoding = 4; lastKnownFileType = sourcecode.c.objc; path = LogEnvironment.m; sourceTree = "<group>"; };
		B1EFAD0D1E72701200128906 /* NSArray+Log.h */ = {isa = PBXFileReference; fileEncoding = 4; lastKnownFileType = sourcecode.c.h; path = "NSArray+Log.h"; sourceTree = "<group>"; };
		B1EFAD0E1E72701200128906 /* NSArray+Log.m */ = {isa = PBXFileReference; fileEncoding = 4; lastKnownFileType = sourcecode.c.objc; path = "NSArray+Log.m"; sourceTree = "<group>"; };
		B1EFAD0F1E72701200128906 /* NSDictionary+Log.h */ = {isa = PBXFileReference; fileEncoding = 4; lastKnownFileType = sourcecode.c.h; path = "NSDictionary+Log.h"; sourceTree = "<group>"; };
		B1EFAD101E72701200128906 /* NSDictionary+Log.m */ = {isa = PBXFileReference; fileEncoding = 4; lastKnownFileType = sourcecode.c.objc; path = "NSDictionary+Log.m"; sourceTree = "<group>"; };
		B1EFAD5C1E7281F700128906 /* xPhoto.h */ = {isa = PBXFileReference; fileEncoding = 4; lastKnownFileType = sourcecode.c.h; path = xPhoto.h; sourceTree = "<group>"; };
		B1EFAD5D1E7281F700128906 /* xPhoto.m */ = {isa = PBXFileReference; fileEncoding = 4; lastKnownFileType = sourcecode.c.objc; path = xPhoto.m; sourceTree = "<group>"; };
		B1EFAD5E1E7281F700128906 /* xPhotoBrowser.h */ = {isa = PBXFileReference; fileEncoding = 4; lastKnownFileType = sourcecode.c.h; path = xPhotoBrowser.h; sourceTree = "<group>"; };
		B1EFAD5F1E7281F700128906 /* xPhotoBrowser.m */ = {isa = PBXFileReference; fileEncoding = 4; lastKnownFileType = sourcecode.c.objc; path = xPhotoBrowser.m; sourceTree = "<group>"; };
		B1EFAD601E7281F700128906 /* xPhotoToolbar.h */ = {isa = PBXFileReference; fileEncoding = 4; lastKnownFileType = sourcecode.c.h; path = xPhotoToolbar.h; sourceTree = "<group>"; };
		B1EFAD611E7281F700128906 /* xPhotoToolbar.m */ = {isa = PBXFileReference; fileEncoding = 4; lastKnownFileType = sourcecode.c.objc; path = xPhotoToolbar.m; sourceTree = "<group>"; };
		B1EFAD621E7281F700128906 /* xPhotoView.h */ = {isa = PBXFileReference; fileEncoding = 4; lastKnownFileType = sourcecode.c.h; path = xPhotoView.h; sourceTree = "<group>"; };
		B1EFAD631E7281F700128906 /* xPhotoView.m */ = {isa = PBXFileReference; fileEncoding = 4; lastKnownFileType = sourcecode.c.objc; path = xPhotoView.m; sourceTree = "<group>"; };
		B1EFAD691E72820A00128906 /* UIKit.framework */ = {isa = PBXFileReference; lastKnownFileType = wrapper.framework; name = UIKit.framework; path = System/Library/Frameworks/UIKit.framework; sourceTree = SDKROOT; };
		B1EFAD6E1E72857F00128906 /* PrefixHeader.pch */ = {isa = PBXFileReference; lastKnownFileType = sourcecode.c.h; path = PrefixHeader.pch; sourceTree = "<group>"; };
		EB8013C6B10E9C6B786B7D4C /* Pods-xLibrary.release.xcconfig */ = {isa = PBXFileReference; includeInIndex = 1; lastKnownFileType = text.xcconfig; name = "Pods-xLibrary.release.xcconfig"; path = "../Pods/Target Support Files/Pods-xLibrary/Pods-xLibrary.release.xcconfig"; sourceTree = "<group>"; };
		F62F73919C56B4AC5706CB4E /* Pods-xLibrary.debug.xcconfig */ = {isa = PBXFileReference; includeInIndex = 1; lastKnownFileType = text.xcconfig; name = "Pods-xLibrary.debug.xcconfig"; path = "../Pods/Target Support Files/Pods-xLibrary/Pods-xLibrary.debug.xcconfig"; sourceTree = "<group>"; };
/* End PBXFileReference section */

/* Begin PBXFrameworksBuildPhase section */
		B17490561DDF206E0034C852 /* Frameworks */ = {
			isa = PBXFrameworksBuildPhase;
			buildActionMask = 2147483647;
			files = (
				B1EFAD6A1E72820A00128906 /* UIKit.framework in Frameworks */,
				2A2ACE0AF31E8A3D48B9BC62 /* libPods-xLibrary.a in Frameworks */,
			);
			runOnlyForDeploymentPostprocessing = 0;
		};
/* End PBXFrameworksBuildPhase section */

/* Begin PBXGroup section */
		10B1F89C7A777890497F5B44 /* Pods */ = {
			isa = PBXGroup;
			children = (
				F62F73919C56B4AC5706CB4E /* Pods-xLibrary.debug.xcconfig */,
				EB8013C6B10E9C6B786B7D4C /* Pods-xLibrary.release.xcconfig */,
			);
			name = Pods;
			sourceTree = "<group>";
		};
		63396C791EF0F8BA001525E7 /* xBannerLoading */ = {
			isa = PBXGroup;
			children = (
				63396C7D1EF0F918001525E7 /* UIView+xBannerLoading.h */,
				63396C7E1EF0F918001525E7 /* UIView+xBannerLoading.m */,
			);
			path = xBannerLoading;
			sourceTree = "<group>";
		};
		63900A181F04CA1A0080C48D /* runtime */ = {
			isa = PBXGroup;
			children = (
				63900A1C1F04CADC0080C48D /* NSObject+xRuntime.h */,
				63900A1D1F04CADC0080C48D /* NSObject+xRuntime.m */,
			);
			path = runtime;
			sourceTree = "<group>";
		};
		63900A5E1F0649180080C48D /* xStatis */ = {
			isa = PBXGroup;
			children = (
				63900A5F1F0649180080C48D /* NSObject+xStatis.h */,
				63900A601F0649180080C48D /* NSObject+xStatis.m */,
				63900A611F0649180080C48D /* UICollectionView+xStatis.h */,
				63900A621F0649180080C48D /* UICollectionView+xStatis.m */,
				63900A631F0649180080C48D /* UIControl+xStatis.h */,
				63900A641F0649180080C48D /* UIControl+xStatis.m */,
				63900A651F0649180080C48D /* UINavigationController+xStatis.h */,
				63900A661F0649180080C48D /* UINavigationController+xStatis.m */,
				63900A671F0649180080C48D /* UITabBarController+xStatis.h */,
				63900A681F0649180080C48D /* UITabBarController+xStatis.m */,
				63900A691F0649180080C48D /* UITableView+xStatis.h */,
				63900A6A1F0649180080C48D /* UITableView+xStatis.m */,
				63900A6B1F0649180080C48D /* UIView+xStatis.h */,
				63900A6C1F0649180080C48D /* UIView+xStatis.m */,
				63900A6D1F0649180080C48D /* UIViewController+xStatis.h */,
				63900A6E1F0649180080C48D /* UIViewController+xStatis.m */,
				63900A6F1F0649180080C48D /* xStatisActionData.h */,
				63900A701F0649180080C48D /* xStatisActionData.m */,
				63900A711F0649180080C48D /* xStatisManager.h */,
				63900A721F0649180080C48D /* xStatisManager.m */,
				63900A731F0649180080C48D /* xStatisService.h */,
				63900A741F0649180080C48D /* xStatisService.m */,
				63900A751F0649180080C48D /* xStatisStack.h */,
				63900A761F0649180080C48D /* xStatisStack.m */,
			);
			path = xStatis;
			sourceTree = "<group>";
		};
		63900A8A1F067D320080C48D /* xPhotoBanner */ = {
			isa = PBXGroup;
			children = (
				63CB5B511F46926C00EC1082 /* xPhotoBannerData.h */,
				63CB5B521F46926C00EC1082 /* xPhotoBannerData.m */,
				63CB5B531F46926C00EC1082 /* xPhotoBanner.h */,
				63CB5B541F46926C00EC1082 /* xPhotoBanner.m */,
			);
			path = xPhotoBanner;
			sourceTree = "<group>";
		};
		6391A8B61FC1899D00431D72 /* xGridView */ = {
			isa = PBXGroup;
			children = (
				6391A8B71FC18A4600431D72 /* xGridView.h */,
				6391A8B81FC18A4600431D72 /* xGridView.m */,
			);
			path = xGridView;
			sourceTree = "<group>";
		};
		63CB5B761F47037B00EC1082 /* TAPageControl */ = {
			isa = PBXGroup;
			children = (
				63CB5B771F4703A300EC1082 /* TAAbstractDotView.h */,
				63CB5B781F4703A300EC1082 /* TAAbstractDotView.m */,
				63CB5B791F4703A300EC1082 /* TADotView.h */,
				63CB5B7A1F4703A300EC1082 /* TADotView.m */,
				63CB5B7B1F4703A300EC1082 /* TAPageControl.h */,
				63CB5B7C1F4703A300EC1082 /* TAPageControl.m */,
			);
			path = TAPageControl;
			sourceTree = "<group>";
		};
		63D94A4F1F33230400170AA7 /* xAlert */ = {
			isa = PBXGroup;
			children = (
				63D94A531F33233F00170AA7 /* xAlert.h */,
				63D94A541F33233F00170AA7 /* xAlert.m */,
			);
			path = xAlert;
			sourceTree = "<group>";
		};
		63EBC7FD1EE2511E001029B3 /* xPagedView */ = {
			isa = PBXGroup;
			children = (
				63EBC7FE1EE2511E001029B3 /* xPagedView.h */,
				63EBC7FF1EE2511E001029B3 /* xPagedView.m */,
			);
			path = xPagedView;
			sourceTree = "<group>";
		};
		63F758EB1E76A65000756FE7 /* CoreData */ = {
			isa = PBXGroup;
			children = (
				63F758F31E76ABC800756FE7 /* CoreDataManager.h */,
				63F758F41E76ABC800756FE7 /* CoreDataManager.m */,
			);
			path = CoreData;
			sourceTree = "<group>";
		};
		63FFE76A1FF6B86D00C96F70 /* xBlurView */ = {
			isa = PBXGroup;
			children = (
				63FFE76B1FF6B86D00C96F70 /* xBlurView.h */,
				63FFE76C1FF6B86D00C96F70 /* xBlurView.m */,
			);
			path = xBlurView;
			sourceTree = "<group>";
		};
		B17490501DDF206E0034C852 = {
			isa = PBXGroup;
			children = (
				B17490731DDF30480034C852 /* xLibrary */,
				B174905A1DDF206E0034C852 /* Products */,
				B1EFAD681E72820A00128906 /* Frameworks */,
				10B1F89C7A777890497F5B44 /* Pods */,
			);
			sourceTree = "<group>";
		};
		B174905A1DDF206E0034C852 /* Products */ = {
			isa = PBXGroup;
			children = (
				B17490591DDF206E0034C852 /* libxLibrary.a */,
			);
			name = Products;
			sourceTree = "<group>";
		};
		B17490731DDF30480034C852 /* xLibrary */ = {
			isa = PBXGroup;
			children = (
				63FFE76A1FF6B86D00C96F70 /* xBlurView */,
				6391A8B61FC1899D00431D72 /* xGridView */,
				63CB5B761F47037B00EC1082 /* TAPageControl */,
				63D94A4F1F33230400170AA7 /* xAlert */,
				63900A8A1F067D320080C48D /* xPhotoBanner */,
				63900A5E1F0649180080C48D /* xStatis */,
				63900A181F04CA1A0080C48D /* runtime */,
				63396C791EF0F8BA001525E7 /* xBannerLoading */,
				63EBC7FD1EE2511E001029B3 /* xPagedView */,
				63F758EB1E76A65000756FE7 /* CoreData */,
				B1EFAD5B1E7281D400128906 /* xPhotoBrowser */,
				B1EFAD0A1E726FDA00128906 /* Log */,
				B1EFACFE1E726F9500128906 /* General */,
				B1EFAD6E1E72857F00128906 /* PrefixHeader.pch */,
			);
			path = xLibrary;
			sourceTree = "<group>";
		};
		B1EFACFE1E726F9500128906 /* General */ = {
			isa = PBXGroup;
			children = (
				633538991FE7655500EC99C5 /* xHeaders.h */,
				6391A9C71FC5AEEF00431D72 /* xTask.h */,
				6391A9C61FC5AEEF00431D72 /* xTask.m */,
				6391A9C21FC5AEAA00431D72 /* xNotice.h */,
				6391A9C31FC5AEAA00431D72 /* xNotice.m */,
				6391A9C01FC5AEAA00431D72 /* xTimer.h */,
				6391A9C11FC5AEAA00431D72 /* xTimer.m */,
				6391A8AA1FC1891700431D72 /* xFont.h */,
				6391A8AB1FC1891700431D72 /* xFont.m */,
				6391A8AD1FC1892700431D72 /* xColor.h */,
				6391A8AE1FC1892700431D72 /* xColor.m */,
				6391A8B01FC1893900431D72 /* xDevice.h */,
				6391A8B11FC1893900431D72 /* xDevice.m */,
				6391A8B31FC1895100431D72 /* xViewFactory.h */,
				6391A8B41FC1895100431D72 /* xViewFactory.m */,
				6391A8BD1FC1B3EF00431D72 /* xDefines.h */,
				6391A8CC1FC2880F00431D72 /* xExtensions.h */,
				6391A8CD1FC2880F00431D72 /* xExtensions.m */,
			);
			path = General;
			sourceTree = "<group>";
		};
		B1EFAD0A1E726FDA00128906 /* Log */ = {
			isa = PBXGroup;
			children = (
				B1EFAD0B1E72701200128906 /* LogEnvironment.h */,
				B1EFAD0C1E72701200128906 /* LogEnvironment.m */,
				B1EFAD0D1E72701200128906 /* NSArray+Log.h */,
				B1EFAD0E1E72701200128906 /* NSArray+Log.m */,
				B1EFAD0F1E72701200128906 /* NSDictionary+Log.h */,
				B1EFAD101E72701200128906 /* NSDictionary+Log.m */,
			);
			path = Log;
			sourceTree = "<group>";
		};
		B1EFAD5B1E7281D400128906 /* xPhotoBrowser */ = {
			isa = PBXGroup;
			children = (
				B1EFAD5C1E7281F700128906 /* xPhoto.h */,
				B1EFAD5D1E7281F700128906 /* xPhoto.m */,
				B1EFAD5E1E7281F700128906 /* xPhotoBrowser.h */,
				B1EFAD5F1E7281F700128906 /* xPhotoBrowser.m */,
				B1EFAD601E7281F700128906 /* xPhotoToolbar.h */,
				B1EFAD611E7281F700128906 /* xPhotoToolbar.m */,
				B1EFAD621E7281F700128906 /* xPhotoView.h */,
				B1EFAD631E7281F700128906 /* xPhotoView.m */,
			);
			path = xPhotoBrowser;
			sourceTree = "<group>";
		};
		B1EFAD681E72820A00128906 /* Frameworks */ = {
			isa = PBXGroup;
			children = (
				B1EFAD691E72820A00128906 /* UIKit.framework */,
				3D59FFB247B0652E8883766A /* libPods-xLibrary.a */,
			);
			name = Frameworks;
			sourceTree = "<group>";
		};
/* End PBXGroup section */

/* Begin PBXNativeTarget section */
		B17490581DDF206E0034C852 /* xLibrary */ = {
			isa = PBXNativeTarget;
			buildConfigurationList = B17490621DDF206E0034C852 /* Build configuration list for PBXNativeTarget "xLibrary" */;
			buildPhases = (
				56033D7F343BAAB5284F71AF /* [CP] Check Pods Manifest.lock */,
				B17490551DDF206E0034C852 /* Sources */,
				B17490561DDF206E0034C852 /* Frameworks */,
				B17490571DDF206E0034C852 /* CopyFiles */,
				1869AFB2BDAD1F7080CBC19F /* [CP] Copy Pods Resources */,
			);
			buildRules = (
			);
			dependencies = (
			);
			name = xLibrary;
			productName = xLibrary;
			productReference = B17490591DDF206E0034C852 /* libxLibrary.a */;
			productType = "com.apple.product-type.library.static";
		};
/* End PBXNativeTarget section */

/* Begin PBXProject section */
		B17490511DDF206E0034C852 /* Project object */ = {
			isa = PBXProject;
			attributes = {
				LastUpgradeCheck = 0810;
				ORGANIZATIONNAME = xSpace;
				TargetAttributes = {
					B17490581DDF206E0034C852 = {
						CreatedOnToolsVersion = 8.1;
						DevelopmentTeam = E6J3Q59668;
						ProvisioningStyle = Automatic;
					};
				};
			};
			buildConfigurationList = B17490541DDF206E0034C852 /* Build configuration list for PBXProject "xLibrary" */;
			compatibilityVersion = "Xcode 3.2";
			developmentRegion = English;
			hasScannedForEncodings = 0;
			knownRegions = (
				en,
			);
			mainGroup = B17490501DDF206E0034C852;
			productRefGroup = B174905A1DDF206E0034C852 /* Products */;
			projectDirPath = "";
			projectRoot = "";
			targets = (
				B17490581DDF206E0034C852 /* xLibrary */,
			);
		};
/* End PBXProject section */

/* Begin PBXShellScriptBuildPhase section */
		1869AFB2BDAD1F7080CBC19F /* [CP] Copy Pods Resources */ = {
			isa = PBXShellScriptBuildPhase;
			buildActionMask = 2147483647;
			files = (
			);
			inputPaths = (
			);
			name = "[CP] Copy Pods Resources";
			outputPaths = (
			);
			runOnlyForDeploymentPostprocessing = 0;
			shellPath = /bin/sh;
			shellScript = "\"${SRCROOT}/../Pods/Target Support Files/Pods-xLibrary/Pods-xLibrary-resources.sh\"\n";
			showEnvVarsInLog = 0;
		};
		56033D7F343BAAB5284F71AF /* [CP] Check Pods Manifest.lock */ = {
			isa = PBXShellScriptBuildPhase;
			buildActionMask = 2147483647;
			files = (
			);
			inputPaths = (
				"${PODS_PODFILE_DIR_PATH}/Podfile.lock",
				"${PODS_ROOT}/Manifest.lock",
			);
			name = "[CP] Check Pods Manifest.lock";
			outputPaths = (
				"$(DERIVED_FILE_DIR)/Pods-xLibrary-checkManifestLockResult.txt",
			);
			runOnlyForDeploymentPostprocessing = 0;
			shellPath = /bin/sh;
			shellScript = "diff \"${PODS_PODFILE_DIR_PATH}/Podfile.lock\" \"${PODS_ROOT}/Manifest.lock\" > /dev/null\nif [ $? != 0 ] ; then\n    # print error to STDERR\n    echo \"error: The sandbox is not in sync with the Podfile.lock. Run 'pod install' or update your CocoaPods installation.\" >&2\n    exit 1\nfi\n# This output is used by Xcode 'outputs' to avoid re-running this script phase.\necho \"SUCCESS\" > \"${SCRIPT_OUTPUT_FILE_0}\"\n";
			showEnvVarsInLog = 0;
		};
/* End PBXShellScriptBuildPhase section */

/* Begin PBXSourcesBuildPhase section */
		B17490551DDF206E0034C852 /* Sources */ = {
			isa = PBXSourcesBuildPhase;
			buildActionMask = 2147483647;
			files = (
				63900A831F066A5A0080C48D /* xStatisActionData.m in Sources */,
				63900A861F066A5A0080C48D /* xStatisStack.m in Sources */,
				63900A7F1F066A5A0080C48D /* UITabBarController+xStatis.m in Sources */,
				B1EFAD651E7281F700128906 /* xPhotoBrowser.m in Sources */,
				6391A8B51FC1895100431D72 /* xViewFactory.m in Sources */,
				B1EFAD111E72701200128906 /* LogEnvironment.m in Sources */,
				63F758F51E76ABC800756FE7 /* CoreDataManager.m in Sources */,
				B1EFAD121E72701200128906 /* NSArray+Log.m in Sources */,
				63FFE76D1FF6B87B00C96F70 /* xBlurView.m in Sources */,
				6391A8AC1FC1891700431D72 /* xFont.m in Sources */,
				63900A801F066A5A0080C48D /* UITableView+xStatis.m in Sources */,
				63CB5B551F46926C00EC1082 /* xPhotoBannerData.m in Sources */,
				63CB5B7D1F4703A300EC1082 /* TAAbstractDotView.m in Sources */,
				63900A1E1F04CADC0080C48D /* NSObject+xRuntime.m in Sources */,
				6391A8AF1FC1892700431D72 /* xColor.m in Sources */,
				B1EFAD641E7281F700128906 /* xPhoto.m in Sources */,
				63396C7F1EF0F918001525E7 /* UIView+xBannerLoading.m in Sources */,
				63900A7E1F066A5A0080C48D /* UINavigationController+xStatis.m in Sources */,
				63900A841F066A5A0080C48D /* xStatisManager.m in Sources */,
				63900A7D1F066A5A0080C48D /* UIControl+xStatis.m in Sources */,
				63900A821F066A5A0080C48D /* UIViewController+xStatis.m in Sources */,
				6391A9C81FC5AEEF00431D72 /* xTask.m in Sources */,
				B1EFAD131E72701200128906 /* NSDictionary+Log.m in Sources */,
				63EBC8001EE251DF001029B3 /* xPagedView.m in Sources */,
				6391A8CE1FC2880F00431D72 /* xExtensions.m in Sources */,
				63D94A551F33233F00170AA7 /* xAlert.m in Sources */,
				B1EFAD671E7281F700128906 /* xPhotoView.m in Sources */,
				6391A9C41FC5AEAB00431D72 /* xTimer.m in Sources */,
				6391A8B91FC18A4600431D72 /* xGridView.m in Sources */,
				63900A811F066A5A0080C48D /* UIView+xStatis.m in Sources */,
				63CB5B7E1F4703A300EC1082 /* TADotView.m in Sources */,
				63CB5B561F46926C00EC1082 /* xPhotoBanner.m in Sources */,
				63900A851F066A5A0080C48D /* xStatisService.m in Sources */,
				63CB5B7F1F4703A300EC1082 /* TAPageControl.m in Sources */,
				63900A7B1F066A5A0080C48D /* NSObject+xStatis.m in Sources */,
				6391A9C51FC5AEAB00431D72 /* xNotice.m in Sources */,
				B1EFAD661E7281F700128906 /* xPhotoToolbar.m in Sources */,
				6391A8B21FC1893900431D72 /* xDevice.m in Sources */,
				63900A7C1F066A5A0080C48D /* UICollectionView+xStatis.m in Sources */,
			);
			runOnlyForDeploymentPostprocessing = 0;
		};
/* End PBXSourcesBuildPhase section */

/* Begin XCBuildConfiguration section */
		B17490601DDF206E0034C852 /* Debug */ = {
			isa = XCBuildConfiguration;
			buildSettings = {
				ALWAYS_SEARCH_USER_PATHS = NO;
				CLANG_ANALYZER_NONNULL = YES;
				CLANG_CXX_LANGUAGE_STANDARD = "gnu++0x";
				CLANG_CXX_LIBRARY = "libc++";
				CLANG_ENABLE_MODULES = YES;
				CLANG_ENABLE_OBJC_ARC = YES;
				CLANG_WARN_BOOL_CONVERSION = YES;
				CLANG_WARN_CONSTANT_CONVERSION = YES;
				CLANG_WARN_DIRECT_OBJC_ISA_USAGE = YES_ERROR;
				CLANG_WARN_DOCUMENTATION_COMMENTS = YES;
				CLANG_WARN_EMPTY_BODY = YES;
				CLANG_WARN_ENUM_CONVERSION = YES;
				CLANG_WARN_INFINITE_RECURSION = YES;
				CLANG_WARN_INT_CONVERSION = YES;
				CLANG_WARN_OBJC_ROOT_CLASS = YES_ERROR;
				CLANG_WARN_SUSPICIOUS_MOVES = YES;
				CLANG_WARN_UNREACHABLE_CODE = YES;
				CLANG_WARN__DUPLICATE_METHOD_MATCH = YES;
				"CODE_SIGN_IDENTITY[sdk=iphoneos*]" = "iPhone Developer";
				COPY_PHASE_STRIP = NO;
				DEBUG_INFORMATION_FORMAT = dwarf;
				ENABLE_STRICT_OBJC_MSGSEND = YES;
				ENABLE_TESTABILITY = YES;
				GCC_C_LANGUAGE_STANDARD = gnu99;
				GCC_DYNAMIC_NO_PIC = NO;
				GCC_NO_COMMON_BLOCKS = YES;
				GCC_OPTIMIZATION_LEVEL = 0;
				GCC_PREPROCESSOR_DEFINITIONS = (
					"DEBUG=1",
					"$(inherited)",
				);
				GCC_WARN_64_TO_32_BIT_CONVERSION = YES;
				GCC_WARN_ABOUT_RETURN_TYPE = YES_ERROR;
				GCC_WARN_UNDECLARED_SELECTOR = YES;
				GCC_WARN_UNINITIALIZED_AUTOS = YES_AGGRESSIVE;
				GCC_WARN_UNUSED_FUNCTION = YES;
				GCC_WARN_UNUSED_VARIABLE = YES;
				IPHONEOS_DEPLOYMENT_TARGET = 8.0;
				MTL_ENABLE_DEBUG_INFO = YES;
				ONLY_ACTIVE_ARCH = YES;
				SDKROOT = iphoneos;
			};
			name = Debug;
		};
		B17490611DDF206E0034C852 /* Release */ = {
			isa = XCBuildConfiguration;
			buildSettings = {
				ALWAYS_SEARCH_USER_PATHS = NO;
				CLANG_ANALYZER_NONNULL = YES;
				CLANG_CXX_LANGUAGE_STANDARD = "gnu++0x";
				CLANG_CXX_LIBRARY = "libc++";
				CLANG_ENABLE_MODULES = YES;
				CLANG_ENABLE_OBJC_ARC = YES;
				CLANG_WARN_BOOL_CONVERSION = YES;
				CLANG_WARN_CONSTANT_CONVERSION = YES;
				CLANG_WARN_DIRECT_OBJC_ISA_USAGE = YES_ERROR;
				CLANG_WARN_DOCUMENTATION_COMMENTS = YES;
				CLANG_WARN_EMPTY_BODY = YES;
				CLANG_WARN_ENUM_CONVERSION = YES;
				CLANG_WARN_INFINITE_RECURSION = YES;
				CLANG_WARN_INT_CONVERSION = YES;
				CLANG_WARN_OBJC_ROOT_CLASS = YES_ERROR;
				CLANG_WARN_SUSPICIOUS_MOVES = YES;
				CLANG_WARN_UNREACHABLE_CODE = YES;
				CLANG_WARN__DUPLICATE_METHOD_MATCH = YES;
				"CODE_SIGN_IDENTITY[sdk=iphoneos*]" = "iPhone Developer";
				COPY_PHASE_STRIP = NO;
				DEBUG_INFORMATION_FORMAT = "dwarf-with-dsym";
				ENABLE_NS_ASSERTIONS = NO;
				ENABLE_STRICT_OBJC_MSGSEND = YES;
				GCC_C_LANGUAGE_STANDARD = gnu99;
				GCC_NO_COMMON_BLOCKS = YES;
				GCC_WARN_64_TO_32_BIT_CONVERSION = YES;
				GCC_WARN_ABOUT_RETURN_TYPE = YES_ERROR;
				GCC_WARN_UNDECLARED_SELECTOR = YES;
				GCC_WARN_UNINITIALIZED_AUTOS = YES_AGGRESSIVE;
				GCC_WARN_UNUSED_FUNCTION = YES;
				GCC_WARN_UNUSED_VARIABLE = YES;
				IPHONEOS_DEPLOYMENT_TARGET = 8.0;
				MTL_ENABLE_DEBUG_INFO = NO;
				SDKROOT = iphoneos;
				VALIDATE_PRODUCT = YES;
			};
			name = Release;
		};
		B17490631DDF206E0034C852 /* Debug */ = {
			isa = XCBuildConfiguration;
			baseConfigurationReference = F62F73919C56B4AC5706CB4E /* Pods-xLibrary.debug.xcconfig */;
			buildSettings = {
				DEVELOPMENT_TEAM = E6J3Q59668;
				GCC_PREFIX_HEADER = "$(SRCROOT)/xLibrary/PrefixHeader.pch";
				OTHER_LDFLAGS = "-ObjC";
				PRODUCT_NAME = "$(TARGET_NAME)";
				SKIP_INSTALL = YES;
			};
			name = Debug;
		};
		B17490641DDF206E0034C852 /* Release */ = {
			isa = XCBuildConfiguration;
			baseConfigurationReference = EB8013C6B10E9C6B786B7D4C /* Pods-xLibrary.release.xcconfig */;
			buildSettings = {
				DEVELOPMENT_TEAM = E6J3Q59668;
				GCC_PREFIX_HEADER = "$(SRCROOT)/xLibrary/PrefixHeader.pch";
				OTHER_LDFLAGS = "-ObjC";
				PRODUCT_NAME = "$(TARGET_NAME)";
				SKIP_INSTALL = YES;
			};
			name = Release;
		};
/* End XCBuildConfiguration section */

/* Begin XCConfigurationList section */
		B17490541DDF206E0034C852 /* Build configuration list for PBXProject "xLibrary" */ = {
			isa = XCConfigurationList;
			buildConfigurations = (
				B17490601DDF206E0034C852 /* Debug */,
				B17490611DDF206E0034C852 /* Release */,
			);
			defaultConfigurationIsVisible = 0;
			defaultConfigurationName = Release;
		};
		B17490621DDF206E0034C852 /* Build configuration list for PBXNativeTarget "xLibrary" */ = {
			isa = XCConfigurationList;
			buildConfigurations = (
				B17490631DDF206E0034C852 /* Debug */,
				B17490641DDF206E0034C852 /* Release */,
			);
			defaultConfigurationIsVisible = 0;
			defaultConfigurationName = Release;
		};
/* End XCConfigurationList section */
	};
	rootObject = B17490511DDF206E0034C852 /* Project object */;
}
